
Microsoft Visual Studio Solution File, Format Version 12.00
# Visual Studio 2013
VisualStudioVersion = 12.0.30501.0
MinimumVisualStudioVersion = 10.0.40219.1
Project("{FAE04EC0-301F-11D3-BF4B-00C04F79EFBC}") = "Dashen", "Dashen\Dashen.csproj", "{96984EE7-6145-4948-8ADC-20638F31D2FC}"
EndProject
Project("{FAE04EC0-301F-11D3-BF4B-00C04F79EFBC}") = "ConsoleTestApp", "ConsoleTestApp\ConsoleTestApp.csproj", "{DB58E6D0-5645-4B10-AB17-6169012375EB}"
EndProject
Project("{FAE04EC0-301F-11D3-BF4B-00C04F79EFBC}") = "Dashen.Tests", "Dashen.Tests\Dashen.Tests.csproj", "{7D5E4B0C-4153-485F-9A5C-B57C6BE7B755}"
EndProject
Project("{FAE04EC0-301F-11D3-BF4B-00C04F79EFBC}") = "WebapiTestApp", "WebapiTestApp\WebapiTestApp.csproj", "{251DE4D7-BD54-499F-BDA1-943EFAECC077}"
EndProject
Project("{2150E333-8FDC-42A3-9474-1A3956D46DE8}") = ".nuget", ".nuget", "{409C98D3-B338-4122-8B14-53E99DD67A20}"
	ProjectSection(SolutionItems) = preProject
		.nuget\packages.config = .nuget\packages.config
	EndProjectSection
EndProject
Global
	GlobalSection(SolutionConfigurationPlatforms) = preSolution
		Debug|Any CPU = Debug|Any CPU
		Release|Any CPU = Release|Any CPU
	EndGlobalSection
	GlobalSection(ProjectConfigurationPlatforms) = postSolution
		{96984EE7-6145-4948-8ADC-20638F31D2FC}.Debug|Any CPU.ActiveCfg = Debug|Any CPU
		{96984EE7-6145-4948-8ADC-20638F31D2FC}.Debug|Any CPU.Build.0 = Debug|Any CPU
		{96984EE7-6145-4948-8ADC-20638F31D2FC}.Release|Any CPU.ActiveCfg = Release|Any CPU
		{96984EE7-6145-4948-8ADC-20638F31D2FC}.Release|Any CPU.Build.0 = Release|Any CPU
		{DB58E6D0-5645-4B10-AB17-6169012375EB}.Debug|Any CPU.ActiveCfg = Debug|Any CPU
		{DB58E6D0-5645-4B10-AB17-6169012375EB}.Debug|Any CPU.Build.0 = Debug|Any CPU
		{DB58E6D0-5645-4B10-AB17-6169012375EB}.Release|Any CPU.ActiveCfg = Release|Any CPU
		{DB58E6D0-5645-4B10-AB17-6169012375EB}.Release|Any CPU.Build.0 = Release|Any CPU
		{7D5E4B0C-4153-485F-9A5C-B57C6BE7B755}.Debug|Any CPU.ActiveCfg = Debug|Any CPU
		{7D5E4B0C-4153-485F-9A5C-B57C6BE7B755}.Debug|Any CPU.Build.0 = Debug|Any CPU
		{7D5E4B0C-4153-485F-9A5C-B57C6BE7B755}.Release|Any CPU.ActiveCfg = Release|Any CPU
		{7D5E4B0C-4153-485F-9A5C-B57C6BE7B755}.Release|Any CPU.Build.0 = Release|Any CPU
		{251DE4D7-BD54-499F-BDA1-943EFAECC077}.Debug|Any CPU.ActiveCfg = Debug|Any CPU
		{251DE4D7-BD54-499F-BDA1-943EFAECC077}.Debug|Any CPU.Build.0 = Debug|Any CPU
		{251DE4D7-BD54-499F-BDA1-943EFAECC077}.Release|Any CPU.ActiveCfg = Release|Any CPU
		{251DE4D7-BD54-499F-BDA1-943EFAECC077}.Release|Any CPU.Build.0 = Release|Any CPU
	EndGlobalSection
	GlobalSection(SolutionProperties) = preSolution
		HideSolutionNode = FALSE
	EndGlobalSection
EndGlobal
